
Microsoft Visual Studio Solution File, Format Version 12.00
# Visual Studio Version 17
VisualStudioVersion = 17.11.35327.3
MinimumVisualStudioVersion = 10.0.40219.1
Project("{9A19103F-16F7-4668-BE54-9A1E7A4F7556}") = "DotNetBatch14HWH.ConsoleApp", "DotNetBatch14HWH.ConsoleApp\DotNetBatch14HWH.ConsoleApp.csproj", "{29710849-98B4-4C2E-877D-C9E5239FE756}"
EndProject
Project("{9A19103F-16F7-4668-BE54-9A1E7A4F7556}") = "DotNetBatch14HWH.ConsoleApp2", "DotNetBatch14HWH.ConsoleApp2\DotNetBatch14HWH.ConsoleApp2.csproj", "{0490ED35-6587-490B-AE18-7DEF2EB9281E}"
EndProject
Project("{9A19103F-16F7-4668-BE54-9A1E7A4F7556}") = "DotNetBatch14HWH.ConsoleApp3", "DotNetBatch14HWH.ConsoleApp3\DotNetBatch14HWH.ConsoleApp3.csproj", "{4EA83AAA-C613-40BF-AEB1-E5CD57A15C9A}"
EndProject
Project("{9A19103F-16F7-4668-BE54-9A1E7A4F7556}") = "DotNetBatch14HWH.ConsoleApp4", "DotNetBatch14HWH.ConsoleApp4\DotNetBatch14HWH.ConsoleApp4.csproj", "{CD1BA81C-CF03-45E9-A88F-45CD4FD63AD2}"
EndProject
Project("{9A19103F-16F7-4668-BE54-9A1E7A4F7556}") = "DotNetBatch14HWH.ContosoPizza", "DotNetBatch14HWH.ContosoPizza\DotNetBatch14HWH.ContosoPizza.csproj", "{10A155A0-CCB5-4180-8E4F-BBD391295266}"
EndProject
Project("{9A19103F-16F7-4668-BE54-9A1E7A4F7556}") = "DotNetBatch14HWH.ConsoleAppEFCore", "DotNetBatch14HWH.ConsoleAppEFCore\DotNetBatch14HWH.ConsoleAppEFCore.csproj", "{D8D39186-4A98-4F34-867A-29B3B9FECF4A}"
EndProject
Project("{9A19103F-16F7-4668-BE54-9A1E7A4F7556}") = "DotNetBatch14HWH.WebApp1", "DotNetBatch14HWH.WebApp1\DotNetBatch14HWH.WebApp1.csproj", "{449FD6EF-9158-434D-AB37-298294932BD5}"
EndProject
Project("{FAE04EC0-301F-11D3-BF4B-00C04F79EFBC}") = "DotNetBatch14HWH.WebApplication2", "DotNetBatch14HWH.WebApplication2\DotNetBatch14HWH.WebApplication2.csproj", "{EE1FA5C8-5836-419E-BE64-1C3A4D69B487}"
EndProject
Project("{9A19103F-16F7-4668-BE54-9A1E7A4F7556}") = "DotNetBatch14HWH.RestApi", "DotNetBatch14HWH.RestApi\DotNetBatch14HWH.RestApi.csproj", "{6AAEBD6E-89FD-4CB6-B209-EDF6C7620C4F}"
EndProject
Project("{9A19103F-16F7-4668-BE54-9A1E7A4F7556}") = "DotNetBatch14HWH.RestApi2", "DotNetBatch14HWH.RestApi2\DotNetBatch14HWH.RestApi2.csproj", "{D603DA94-0051-45A3-B713-458D30250126}"
EndProject
Project("{9A19103F-16F7-4668-BE54-9A1E7A4F7556}") = "DotNetBatch14HWH.ConsoleApp5", "DotNetBatch14HWH.ConsoleApp5\DotNetBatch14HWH.ConsoleApp5.csproj", "{BC6342FE-58B1-43CD-9D03-0D3FB776F3F3}"
EndProject
Project("{9A19103F-16F7-4668-BE54-9A1E7A4F7556}") = "DotNetBatch14HWH.RestApi3", "DotNetBatch14HWH.RestApi3\DotNetBatch14HWH.RestApi3.csproj", "{902E4384-0B3E-458D-A78C-BA0955E6EBC0}"
EndProject
Project("{FAE04EC0-301F-11D3-BF4B-00C04F79EFBC}") = "DotNetBatch14HWH.RestApi4", "DotNetBatch14HWH.RestApi4\DotNetBatch14HWH.RestApi4.csproj", "{4EC59DE7-D92D-473C-ADEA-B62D10F80158}"
EndProject
Global
	GlobalSection(SolutionConfigurationPlatforms) = preSolution
		Debug|Any CPU = Debug|Any CPU
		Release|Any CPU = Release|Any CPU
	EndGlobalSection
	GlobalSection(ProjectConfigurationPlatforms) = postSolution
		{29710849-98B4-4C2E-877D-C9E5239FE756}.Debug|Any CPU.ActiveCfg = Debug|Any CPU
		{29710849-98B4-4C2E-877D-C9E5239FE756}.Debug|Any CPU.Build.0 = Debug|Any CPU
		{29710849-98B4-4C2E-877D-C9E5239FE756}.Release|Any CPU.ActiveCfg = Release|Any CPU
		{29710849-98B4-4C2E-877D-C9E5239FE756}.Release|Any CPU.Build.0 = Release|Any CPU
		{0490ED35-6587-490B-AE18-7DEF2EB9281E}.Debug|Any CPU.ActiveCfg = Debug|Any CPU
		{0490ED35-6587-490B-AE18-7DEF2EB9281E}.Debug|Any CPU.Build.0 = Debug|Any CPU
		{0490ED35-6587-490B-AE18-7DEF2EB9281E}.Release|Any CPU.ActiveCfg = Release|Any CPU
		{0490ED35-6587-490B-AE18-7DEF2EB9281E}.Release|Any CPU.Build.0 = Release|Any CPU
		{4EA83AAA-C613-40BF-AEB1-E5CD57A15C9A}.Debug|Any CPU.ActiveCfg = Debug|Any CPU
		{4EA83AAA-C613-40BF-AEB1-E5CD57A15C9A}.Debug|Any CPU.Build.0 = Debug|Any CPU
		{4EA83AAA-C613-40BF-AEB1-E5CD57A15C9A}.Release|Any CPU.ActiveCfg = Release|Any CPU
		{4EA83AAA-C613-40BF-AEB1-E5CD57A15C9A}.Release|Any CPU.Build.0 = Release|Any CPU
		{CD1BA81C-CF03-45E9-A88F-45CD4FD63AD2}.Debug|Any CPU.ActiveCfg = Debug|Any CPU
		{CD1BA81C-CF03-45E9-A88F-45CD4FD63AD2}.Debug|Any CPU.Build.0 = Debug|Any CPU
		{CD1BA81C-CF03-45E9-A88F-45CD4FD63AD2}.Release|Any CPU.ActiveCfg = Release|Any CPU
		{CD1BA81C-CF03-45E9-A88F-45CD4FD63AD2}.Release|Any CPU.Build.0 = Release|Any CPU
		{10A155A0-CCB5-4180-8E4F-BBD391295266}.Debug|Any CPU.ActiveCfg = Debug|Any CPU
		{10A155A0-CCB5-4180-8E4F-BBD391295266}.Debug|Any CPU.Build.0 = Debug|Any CPU
		{10A155A0-CCB5-4180-8E4F-BBD391295266}.Release|Any CPU.ActiveCfg = Release|Any CPU
		{10A155A0-CCB5-4180-8E4F-BBD391295266}.Release|Any CPU.Build.0 = Release|Any CPU
		{D8D39186-4A98-4F34-867A-29B3B9FECF4A}.Debug|Any CPU.ActiveCfg = Debug|Any CPU
		{D8D39186-4A98-4F34-867A-29B3B9FECF4A}.Debug|Any CPU.Build.0 = Debug|Any CPU
		{D8D39186-4A98-4F34-867A-29B3B9FECF4A}.Release|Any CPU.ActiveCfg = Release|Any CPU
		{D8D39186-4A98-4F34-867A-29B3B9FECF4A}.Release|Any CPU.Build.0 = Release|Any CPU
		{449FD6EF-9158-434D-AB37-298294932BD5}.Debug|Any CPU.ActiveCfg = Debug|Any CPU
		{449FD6EF-9158-434D-AB37-298294932BD5}.Debug|Any CPU.Build.0 = Debug|Any CPU
		{449FD6EF-9158-434D-AB37-298294932BD5}.Release|Any CPU.ActiveCfg = Release|Any CPU
		{449FD6EF-9158-434D-AB37-298294932BD5}.Release|Any CPU.Build.0 = Release|Any CPU
		{EE1FA5C8-5836-419E-BE64-1C3A4D69B487}.Debug|Any CPU.ActiveCfg = Debug|Any CPU
		{EE1FA5C8-5836-419E-BE64-1C3A4D69B487}.Debug|Any CPU.Build.0 = Debug|Any CPU
		{EE1FA5C8-5836-419E-BE64-1C3A4D69B487}.Release|Any CPU.ActiveCfg = Release|Any CPU
		{EE1FA5C8-5836-419E-BE64-1C3A4D69B487}.Release|Any CPU.Build.0 = Release|Any CPU
		{6AAEBD6E-89FD-4CB6-B209-EDF6C7620C4F}.Debug|Any CPU.ActiveCfg = Debug|Any CPU
		{6AAEBD6E-89FD-4CB6-B209-EDF6C7620C4F}.Debug|Any CPU.Build.0 = Debug|Any CPU
		{6AAEBD6E-89FD-4CB6-B209-EDF6C7620C4F}.Release|Any CPU.ActiveCfg = Release|Any CPU
		{6AAEBD6E-89FD-4CB6-B209-EDF6C7620C4F}.Release|Any CPU.Build.0 = Release|Any CPU
		{D603DA94-0051-45A3-B713-458D30250126}.Debug|Any CPU.ActiveCfg = Debug|Any CPU
		{D603DA94-0051-45A3-B713-458D30250126}.Debug|Any CPU.Build.0 = Debug|Any CPU
		{D603DA94-0051-45A3-B713-458D30250126}.Release|Any CPU.ActiveCfg = Release|Any CPU
		{D603DA94-0051-45A3-B713-458D30250126}.Release|Any CPU.Build.0 = Release|Any CPU
		{BC6342FE-58B1-43CD-9D03-0D3FB776F3F3}.Debug|Any CPU.ActiveCfg = Debug|Any CPU
		{BC6342FE-58B1-43CD-9D03-0D3FB776F3F3}.Debug|Any CPU.Build.0 = Debug|Any CPU
		{BC6342FE-58B1-43CD-9D03-0D3FB776F3F3}.Release|Any CPU.ActiveCfg = Release|Any CPU
		{BC6342FE-58B1-43CD-9D03-0D3FB776F3F3}.Release|Any CPU.Build.0 = Release|Any CPU
		{902E4384-0B3E-458D-A78C-BA0955E6EBC0}.Debug|Any CPU.ActiveCfg = Debug|Any CPU
		{902E4384-0B3E-458D-A78C-BA0955E6EBC0}.Debug|Any CPU.Build.0 = Debug|Any CPU
		{902E4384-0B3E-458D-A78C-BA0955E6EBC0}.Release|Any CPU.ActiveCfg = Release|Any CPU
		{902E4384-0B3E-458D-A78C-BA0955E6EBC0}.Release|Any CPU.Build.0 = Release|Any CPU
		{4EC59DE7-D92D-473C-ADEA-B62D10F80158}.Debug|Any CPU.ActiveCfg = Debug|Any CPU
		{4EC59DE7-D92D-473C-ADEA-B62D10F80158}.Debug|Any CPU.Build.0 = Debug|Any CPU
		{4EC59DE7-D92D-473C-ADEA-B62D10F80158}.Release|Any CPU.ActiveCfg = Release|Any CPU
		{4EC59DE7-D92D-473C-ADEA-B62D10F80158}.Release|Any CPU.Build.0 = Release|Any CPU
	EndGlobalSection
	GlobalSection(SolutionProperties) = preSolution
		HideSolutionNode = FALSE
	EndGlobalSection
	GlobalSection(ExtensibilityGlobals) = postSolution
		SolutionGuid = {3B20A19D-AA87-4827-B25E-CA2693E4BE58}
	EndGlobalSection
EndGlobal
